
Microsoft Visual Studio Solution File, Format Version 12.00
# Visual Studio Version 16
VisualStudioVersion = 16.0.29230.47
MinimumVisualStudioVersion = 10.0.40219.1
Project("{9A19103F-16F7-4668-BE54-9A1E7A4F7556}") = "BackEnd", "BackEnd\BackEnd.csproj", "{69351075-CF6A-4A9B-BBB5-5B32DA709233}"
EndProject
Project("{FAE04EC0-301F-11D3-BF4B-00C04F79EFBC}") = "ConferenceDTO", "ConferenceDTO\ConferenceDTO.csproj", "{30FCA779-204B-47B8-8C6A-45CC3A4ABED2}"
EndProject
Global
	GlobalSection(SolutionConfigurationPlatforms) = preSolution
		Debug|Any CPU = Debug|Any CPU
		Release|Any CPU = Release|Any CPU
	EndGlobalSection
	GlobalSection(ProjectConfigurationPlatforms) = postSolution
		{69351075-CF6A-4A9B-BBB5-5B32DA709233}.Debug|Any CPU.ActiveCfg = Debug|Any CPU
		{69351075-CF6A-4A9B-BBB5-5B32DA709233}.Debug|Any CPU.Build.0 = Debug|Any CPU
		{69351075-CF6A-4A9B-BBB5-5B32DA709233}.Release|Any CPU.ActiveCfg = Release|Any CPU
		{69351075-CF6A-4A9B-BBB5-5B32DA709233}.Release|Any CPU.Build.0 = Release|Any CPU
		{30FCA779-204B-47B8-8C6A-45CC3A4ABED2}.Debug|Any CPU.ActiveCfg = Debug|Any CPU
		{30FCA779-204B-47B8-8C6A-45CC3A4ABED2}.Debug|Any CPU.Build.0 = Debug|Any CPU
		{30FCA779-204B-47B8-8C6A-45CC3A4ABED2}.Release|Any CPU.ActiveCfg = Release|Any CPU
		{30FCA779-204B-47B8-8C6A-45CC3A4ABED2}.Release|Any CPU.Build.0 = Release|Any CPU
	EndGlobalSection
	GlobalSection(SolutionProperties) = preSolution
		HideSolutionNode = FALSE
	EndGlobalSection
	GlobalSection(ExtensibilityGlobals) = postSolution
		SolutionGuid = {6381A637-7F58-4542-895D-4FE0E7C20CCF}
	EndGlobalSection
EndGlobal
